
Microsoft Visual Studio Solution File, Format Version 12.00
# Visual Studio 15
VisualStudioVersion = 15.0.27004.2002
MinimumVisualStudioVersion = 10.0.40219.1
Project("{9A19103F-16F7-4668-BE54-9A1E7A4F7556}") = "Application", "Application.csproj", "{8C1C5605-33CC-4798-BD72-5EAC10B8C6F9}"
EndProject
Project("{FAE04EC0-301F-11D3-BF4B-00C04F79EFBC}") = "Application.Api", "..\Application.Api\Application.Api.csproj", "{16A3C9EC-1479-4A72-B95C-D311C08C742B}"
EndProject
Project("{9A19103F-16F7-4668-BE54-9A1E7A4F7556}") = "Application.BBL", "..\Application.BBL\Application.BBL.csproj", "{BD7FBB5D-EBB0-4BB0-B20B-9C190E17D38D}"
EndProject
Project("{9A19103F-16F7-4668-BE54-9A1E7A4F7556}") = "Application.BBLInteface", "..\Application.BBLInteface\Application.BBLInteface.csproj", "{7D11929D-0125-4CCA-B2BD-279264A26B49}"
EndProject
Project("{9A19103F-16F7-4668-BE54-9A1E7A4F7556}") = "Application.DAL", "..\Application.DAL\Application.DAL.csproj", "{544FD0E6-D9EB-4EEB-BA7E-8A9A77225D7F}"
EndProject
Project("{9A19103F-16F7-4668-BE54-9A1E7A4F7556}") = "Application.Entites", "..\Application.Entites\Application.Entites.csproj", "{66BB0A74-4848-47C6-BA35-5679360BB34A}"
EndProject
Project("{9A19103F-16F7-4668-BE54-9A1E7A4F7556}") = "Application.Model", "..\Application.Model\Application.Model.csproj", "{C7815332-528C-42B9-AB1A-9C11FED32228}"
EndProject
Global
	GlobalSection(SolutionConfigurationPlatforms) = preSolution
		Debug|Any CPU = Debug|Any CPU
		Release|Any CPU = Release|Any CPU
	EndGlobalSection
	GlobalSection(ProjectConfigurationPlatforms) = postSolution
		{8C1C5605-33CC-4798-BD72-5EAC10B8C6F9}.Debug|Any CPU.ActiveCfg = Debug|Any CPU
		{8C1C5605-33CC-4798-BD72-5EAC10B8C6F9}.Debug|Any CPU.Build.0 = Debug|Any CPU
		{8C1C5605-33CC-4798-BD72-5EAC10B8C6F9}.Release|Any CPU.ActiveCfg = Release|Any CPU
		{8C1C5605-33CC-4798-BD72-5EAC10B8C6F9}.Release|Any CPU.Build.0 = Release|Any CPU
		{16A3C9EC-1479-4A72-B95C-D311C08C742B}.Debug|Any CPU.ActiveCfg = Debug|Any CPU
		{16A3C9EC-1479-4A72-B95C-D311C08C742B}.Debug|Any CPU.Build.0 = Debug|Any CPU
		{16A3C9EC-1479-4A72-B95C-D311C08C742B}.Release|Any CPU.ActiveCfg = Release|Any CPU
		{16A3C9EC-1479-4A72-B95C-D311C08C742B}.Release|Any CPU.Build.0 = Release|Any CPU
		{BD7FBB5D-EBB0-4BB0-B20B-9C190E17D38D}.Debug|Any CPU.ActiveCfg = Debug|Any CPU
		{BD7FBB5D-EBB0-4BB0-B20B-9C190E17D38D}.Debug|Any CPU.Build.0 = Debug|Any CPU
		{BD7FBB5D-EBB0-4BB0-B20B-9C190E17D38D}.Release|Any CPU.ActiveCfg = Release|Any CPU
		{BD7FBB5D-EBB0-4BB0-B20B-9C190E17D38D}.Release|Any CPU.Build.0 = Release|Any CPU
		{7D11929D-0125-4CCA-B2BD-279264A26B49}.Debug|Any CPU.ActiveCfg = Debug|Any CPU
		{7D11929D-0125-4CCA-B2BD-279264A26B49}.Debug|Any CPU.Build.0 = Debug|Any CPU
		{7D11929D-0125-4CCA-B2BD-279264A26B49}.Release|Any CPU.ActiveCfg = Release|Any CPU
		{7D11929D-0125-4CCA-B2BD-279264A26B49}.Release|Any CPU.Build.0 = Release|Any CPU
		{544FD0E6-D9EB-4EEB-BA7E-8A9A77225D7F}.Debug|Any CPU.ActiveCfg = Debug|Any CPU
		{544FD0E6-D9EB-4EEB-BA7E-8A9A77225D7F}.Debug|Any CPU.Build.0 = Debug|Any CPU
		{544FD0E6-D9EB-4EEB-BA7E-8A9A77225D7F}.Release|Any CPU.ActiveCfg = Release|Any CPU
		{544FD0E6-D9EB-4EEB-BA7E-8A9A77225D7F}.Release|Any CPU.Build.0 = Release|Any CPU
		{66BB0A74-4848-47C6-BA35-5679360BB34A}.Debug|Any CPU.ActiveCfg = Debug|Any CPU
		{66BB0A74-4848-47C6-BA35-5679360BB34A}.Debug|Any CPU.Build.0 = Debug|Any CPU
		{66BB0A74-4848-47C6-BA35-5679360BB34A}.Release|Any CPU.ActiveCfg = Release|Any CPU
		{66BB0A74-4848-47C6-BA35-5679360BB34A}.Release|Any CPU.Build.0 = Release|Any CPU
		{C7815332-528C-42B9-AB1A-9C11FED32228}.Debug|Any CPU.ActiveCfg = Debug|Any CPU
		{C7815332-528C-42B9-AB1A-9C11FED32228}.Debug|Any CPU.Build.0 = Debug|Any CPU
		{C7815332-528C-42B9-AB1A-9C11FED32228}.Release|Any CPU.ActiveCfg = Release|Any CPU
		{C7815332-528C-42B9-AB1A-9C11FED32228}.Release|Any CPU.Build.0 = Release|Any CPU
	EndGlobalSection
	GlobalSection(SolutionProperties) = preSolution
		HideSolutionNode = FALSE
	EndGlobalSection
	GlobalSection(ExtensibilityGlobals) = postSolution
		SolutionGuid = {417DD595-27AD-4E7C-970E-7EBFA36C592A}
	EndGlobalSection
EndGlobal
